Microsoft Visual Studio Solution File, Format Version 12.00
# Visual Studio Version 17
VisualStudioVersion = 17.5.2.0
MinimumVisualStudioVersion = 10.0.40219.1
Project("{FAE04EC0-301F-11D3-BF4B-00C04F79EFBC}") = "gorge-engine", "gorge-engine.csproj", "{77B251A2-A567-6BEA-EF2B-43F4BD3155F3}"
EndProject
Global
	GlobalSection(SolutionConfigurationPlatforms) = preSolution
		Debug|Any CPU = Debug|Any CPU
		Release|Any CPU = Release|Any CPU
	EndGlobalSection
	GlobalSection(ProjectConfigurationPlatforms) = postSolution
		{77B251A2-A567-6BEA-EF2B-43F4BD3155F3}.Debug|Any CPU.ActiveCfg = Debug|Any CPU
		{77B251A2-A567-6BEA-EF2B-43F4BD3155F3}.Debug|Any CPU.Build.0 = Debug|Any CPU
		{77B251A2-A567-6BEA-EF2B-43F4BD3155F3}.Release|Any CPU.ActiveCfg = Release|Any CPU
		{77B251A2-A567-6BEA-EF2B-43F4BD3155F3}.Release|Any CPU.Build.0 = Release|Any CPU
	EndGlobalSection
	GlobalSection(SolutionProperties) = preSolution
		HideSolutionNode = FALSE
	EndGlobalSection
	GlobalSection(ExtensibilityGlobals) = postSolution
		SolutionGuid = {855DBAB7-0E2D-460E-B8EB-7B7F1D946516}
	EndGlobalSection
EndGlobal
